
Microsoft Visual Studio Solution File, Format Version 12.00
# Visual Studio Version 16
VisualStudioVersion = 16.0.29418.71
MinimumVisualStudioVersion = 10.0.40219.1
Project("{FAE04EC0-301F-11D3-BF4B-00C04F79EFBC}") = "Arrays", "Arrays\Arrays.csproj", "{227BDC9B-EE03-46DA-9867-D8225E514AEC}"
EndProject
Global
	GlobalSection(SolutionConfigurationPlatforms) = preSolution
		Debug|Any CPU = Debug|Any CPU
		Release|Any CPU = Release|Any CPU
	EndGlobalSection
	GlobalSection(ProjectConfigurationPlatforms) = postSolution
		{227BDC9B-EE03-46DA-9867-D8225E514AEC}.Debug|Any CPU.ActiveCfg = Debug|Any CPU
		{227BDC9B-EE03-46DA-9867-D8225E514AEC}.Debug|Any CPU.Build.0 = Debug|Any CPU
		{227BDC9B-EE03-46DA-9867-D8225E514AEC}.Release|Any CPU.ActiveCfg = Release|Any CPU
		{227BDC9B-EE03-46DA-9867-D8225E514AEC}.Release|Any CPU.Build.0 = Release|Any CPU
	EndGlobalSection
	GlobalSection(SolutionProperties) = preSolution
		HideSolutionNode = FALSE
	EndGlobalSection
	GlobalSection(ExtensibilityGlobals) = postSolution
		SolutionGuid = {B4A977DA-D567-4190-ACF5-D717BD9AEA59}
	EndGlobalSection
EndGlobal
